
Microsoft Visual Studio Solution File, Format Version 12.00
# Visual Studio Version 17
VisualStudioVersion = 17.5.33502.453
MinimumVisualStudioVersion = 10.0.40219.1
Project("{9A19103F-16F7-4668-BE54-9A1E7A4F7556}") = "Bank_Application", "Bank_Application.csproj", "{09866AFB-2F72-43C9-9AC2-CABDAF2AD9B0}"
EndProject
Global
	GlobalSection(SolutionConfigurationPlatforms) = preSolution
		Debug|Any CPU = Debug|Any CPU
		Release|Any CPU = Release|Any CPU
	EndGlobalSection
	GlobalSection(ProjectConfigurationPlatforms) = postSolution
		{09866AFB-2F72-43C9-9AC2-CABDAF2AD9B0}.Debug|Any CPU.ActiveCfg = Debug|Any CPU
		{09866AFB-2F72-43C9-9AC2-CABDAF2AD9B0}.Debug|Any CPU.Build.0 = Debug|Any CPU
		{09866AFB-2F72-43C9-9AC2-CABDAF2AD9B0}.Release|Any CPU.ActiveCfg = Release|Any CPU
		{09866AFB-2F72-43C9-9AC2-CABDAF2AD9B0}.Release|Any CPU.Build.0 = Release|Any CPU
	EndGlobalSection
	GlobalSection(SolutionProperties) = preSolution
		HideSolutionNode = FALSE
	EndGlobalSection
	GlobalSection(ExtensibilityGlobals) = postSolution
		SolutionGuid = {935B7780-2039-40C4-9B9A-535E3A8698E7}
	EndGlobalSection
EndGlobal
